
Microsoft Visual Studio Solution File, Format Version 12.00
# Visual Studio Version 17
VisualStudioVersion = 17.8.34322.80
MinimumVisualStudioVersion = 10.0.40219.1
Project("{FAE04EC0-301F-11D3-BF4B-00C04F79EFBC}") = "gitapp", "gitapp\gitapp.csproj", "{8B142EEF-0A7D-495F-B857-7E2015DD0BBF}"
EndProject
Global
	GlobalSection(SolutionConfigurationPlatforms) = preSolution
		Debug|Any CPU = Debug|Any CPU
		Release|Any CPU = Release|Any CPU
	EndGlobalSection
	GlobalSection(ProjectConfigurationPlatforms) = postSolution
		{8B142EEF-0A7D-495F-B857-7E2015DD0BBF}.Debug|Any CPU.ActiveCfg = Debug|Any CPU
		{8B142EEF-0A7D-495F-B857-7E2015DD0BBF}.Debug|Any CPU.Build.0 = Debug|Any CPU
		{8B142EEF-0A7D-495F-B857-7E2015DD0BBF}.Release|Any CPU.ActiveCfg = Release|Any CPU
		{8B142EEF-0A7D-495F-B857-7E2015DD0BBF}.Release|Any CPU.Build.0 = Release|Any CPU
	EndGlobalSection
	GlobalSection(SolutionProperties) = preSolution
		HideSolutionNode = FALSE
	EndGlobalSection
	GlobalSection(ExtensibilityGlobals) = postSolution
		SolutionGuid = {D0DBF0FA-4C8C-4EA4-AD25-92AA828A7DC6}
	EndGlobalSection
EndGlobal
